// !$*UTF8*$!
{
	archiveVersion = 1;
	classes = {
	};
	objectVersion = 55;
	objects = {

/* Begin PBXBuildFile section */
		364D16C228F001B4006E6B0A /* SDSScrollableTextViewUITests_usingEditorControl.swift in Sources */ = {isa = PBXBuildFile; fileRef = 364D16C128F001B4006E6B0A /* SDSScrollableTextViewUITests_usingEditorControl.swift */; };
		364F3A9D28EFC5FF005F6D7A /* SDSScrollableTextViewExampleUITests.swift in Sources */ = {isa = PBXBuildFile; fileRef = 364F3A9C28EFC5FF005F6D7A /* SDSScrollableTextViewExampleUITests.swift */; };
		36991B8B27A3CEAF00C6192A /* SDSScrollableTextView in Frameworks */ = {isa = PBXBuildFile; productRef = 36991B8A27A3CEAF00C6192A /* SDSScrollableTextView */; };
		36991B8E27A3CEFE00C6192A /* SwiftUIDebugUtil in Frameworks */ = {isa = PBXBuildFile; productRef = 36991B8D27A3CEFE00C6192A /* SwiftUIDebugUtil */; };
		36F9C9C8279EB56400388354 /* SDSScrollableTextViewExampleApp.swift in Sources */ = {isa = PBXBuildFile; fileRef = 36F9C9C7279EB56400388354 /* SDSScrollableTextViewExampleApp.swift */; };
		36F9C9CA279EB56400388354 /* ContentView.swift in Sources */ = {isa = PBXBuildFile; fileRef = 36F9C9C9279EB56400388354 /* ContentView.swift */; };
		36F9C9CC279EB56500388354 /* Assets.xcassets in Resources */ = {isa = PBXBuildFile; fileRef = 36F9C9CB279EB56500388354 /* Assets.xcassets */; };
		36F9C9CF279EB56500388354 /* Preview Assets.xcassets in Resources */ = {isa = PBXBuildFile; fileRef = 36F9C9CE279EB56500388354 /* Preview Assets.xcassets */; };
/* End PBXBuildFile section */

/* Begin PBXContainerItemProxy section */
		364F3AA028EFC5FF005F6D7A /* PBXContainerItemProxy */ = {
			isa = PBXContainerItemProxy;
			containerPortal = 36F9C9BC279EB56400388354 /* Project object */;
			proxyType = 1;
			remoteGlobalIDString = 36F9C9C3279EB56400388354;
			remoteInfo = SDSScrollableTextViewExample;
		};
/* End PBXContainerItemProxy section */

/* Begin PBXFileReference section */
		360BF7B327A3CE1D00F5F7D2 /* SDSScrollableTextView */ = {isa = PBXFileReference; lastKnownFileType = wrapper; name = SDSScrollableTextView; path = ..; sourceTree = "<group>"; };
		364D16C128F001B4006E6B0A /* SDSScrollableTextViewUITests_usingEditorControl.swift */ = {isa = PBXFileReference; lastKnownFileType = sourcecode.swift; path = SDSScrollableTextViewUITests_usingEditorControl.swift; sourceTree = "<group>"; };
		364F3A9A28EFC5FF005F6D7A /* SDSScrollableTextViewExampleUITests.xctest */ = {isa = PBXFileReference; explicitFileType = wrapper.cfbundle; includeInIndex = 0; path = SDSScrollableTextViewExampleUITests.xctest; sourceTree = BUILT_PRODUCTS_DIR; };
		364F3A9C28EFC5FF005F6D7A /* SDSScrollableTextViewExampleUITests.swift */ = {isa = PBXFileReference; lastKnownFileType = sourcecode.swift; path = SDSScrollableTextViewExampleUITests.swift; sourceTree = "<group>"; };
		36F9C9C4279EB56400388354 /* SDSScrollableTextViewExample.app */ = {isa = PBXFileReference; explicitFileType = wrapper.application; includeInIndex = 0; path = SDSScrollableTextViewExample.app; sourceTree = BUILT_PRODUCTS_DIR; };
		36F9C9C7279EB56400388354 /* SDSScrollableTextViewExampleApp.swift */ = {isa = PBXFileReference; lastKnownFileType = sourcecode.swift; path = SDSScrollableTextViewExampleApp.swift; sourceTree = "<group>"; };
		36F9C9C9279EB56400388354 /* ContentView.swift */ = {isa = PBXFileReference; lastKnownFileType = sourcecode.swift; path = ContentView.swift; sourceTree = "<group>"; };
		36F9C9CB279EB56500388354 /* Assets.xcassets */ = {isa = PBXFileReference; lastKnownFileType = folder.assetcatalog; path = Assets.xcassets; sourceTree = "<group>"; };
		36F9C9CE279EB56500388354 /* Preview Assets.xcassets */ = {isa = PBXFileReference; lastKnownFileType = folder.assetcatalog; path = "Preview Assets.xcassets"; sourceTree = "<group>"; };
		36F9C9D0279EB56500388354 /* SDSScrollableTextViewExample.entitlements */ = {isa = PBXFileReference; lastKnownFileType = text.plist.entitlements; path = SDSScrollableTextViewExample.entitlements; sourceTree = "<group>"; };
/* End PBXFileReference section */

/* Begin PBXFrameworksBuildPhase section */
		364F3A9728EFC5FF005F6D7A /* Frameworks */ = {
			isa = PBXFrameworksBuildPhase;
			buildActionMask = 2147483647;
			files = (
			);
			runOnlyForDeploymentPostprocessing = 0;
		};
		36F9C9C1279EB56400388354 /* Frameworks */ = {
			isa = PBXFrameworksBuildPhase;
			buildActionMask = 2147483647;
			files = (
				36991B8E27A3CEFE00C6192A /* SwiftUIDebugUtil in Frameworks */,
				36991B8B27A3CEAF00C6192A /* SDSScrollableTextView in Frameworks */,
			);
			runOnlyForDeploymentPostprocessing = 0;
		};
/* End PBXFrameworksBuildPhase section */

/* Begin PBXGroup section */
		360BF7B227A3CE1D00F5F7D2 /* Packages */ = {
			isa = PBXGroup;
			children = (
				360BF7B327A3CE1D00F5F7D2 /* SDSScrollableTextView */,
			);
			name = Packages;
			sourceTree = "<group>";
		};
		364F3A9B28EFC5FF005F6D7A /* SDSScrollableTextViewExampleUITests */ = {
			isa = PBXGroup;
			children = (
				364F3A9C28EFC5FF005F6D7A /* SDSScrollableTextViewExampleUITests.swift */,
				364D16C128F001B4006E6B0A /* SDSScrollableTextViewUITests_usingEditorControl.swift */,
			);
			path = SDSScrollableTextViewExampleUITests;
			sourceTree = "<group>";
		};
		36991B8927A3CEAF00C6192A /* Frameworks */ = {
			isa = PBXGroup;
			children = (
			);
			name = Frameworks;
			sourceTree = "<group>";
		};
		36F9C9BB279EB56400388354 = {
			isa = PBXGroup;
			children = (
				360BF7B227A3CE1D00F5F7D2 /* Packages */,
				36F9C9C6279EB56400388354 /* SDSScrollableTextViewExample */,
				364F3A9B28EFC5FF005F6D7A /* SDSScrollableTextViewExampleUITests */,
				36F9C9C5279EB56400388354 /* Products */,
				36991B8927A3CEAF00C6192A /* Frameworks */,
			);
			sourceTree = "<group>";
		};
		36F9C9C5279EB56400388354 /* Products */ = {
			isa = PBXGroup;
			children = (
				36F9C9C4279EB56400388354 /* SDSScrollableTextViewExample.app */,
				364F3A9A28EFC5FF005F6D7A /* SDSScrollableTextViewExampleUITests.xctest */,
			);
			name = Products;
			sourceTree = "<group>";
		};
		36F9C9C6279EB56400388354 /* SDSScrollableTextViewExample */ = {
			isa = PBXGroup;
			children = (
				36F9C9C7279EB56400388354 /* SDSScrollableTextViewExampleApp.swift */,
				36F9C9C9279EB56400388354 /* ContentView.swift */,
				36F9C9CB279EB56500388354 /* Assets.xcassets */,
				36F9C9D0279EB56500388354 /* SDSScrollableTextViewExample.entitlements */,
				36F9C9CD279EB56500388354 /* Preview Content */,
			);
			path = SDSScrollableTextViewExample;
			sourceTree = "<group>";
		};
		36F9C9CD279EB56500388354 /* Preview Content */ = {
			isa = PBXGroup;
			children = (
				36F9C9CE279EB56500388354 /* Preview Assets.xcassets */,
			);
			path = "Preview Content";
			sourceTree = "<group>";
		};
/* End PBXGroup section */

/* Begin PBXNativeTarget section */
		364F3A9928EFC5FF005F6D7A /* SDSScrollableTextViewExampleUITests */ = {
			isa = PBXNativeTarget;
			buildConfigurationList = 364F3AA428EFC5FF005F6D7A /* Build configuration list for PBXNativeTarget "SDSScrollableTextViewExampleUITests" */;
			buildPhases = (
				364F3A9628EFC5FF005F6D7A /* Sources */,
				364F3A9728EFC5FF005F6D7A /* Frameworks */,
				364F3A9828EFC5FF005F6D7A /* Resources */,
			);
			buildRules = (
			);
			dependencies = (
				364F3AA128EFC5FF005F6D7A /* PBXTargetDependency */,
			);
			name = SDSScrollableTextViewExampleUITests;
			productName = SDSScrollableTextViewExampleUITests;
			productReference = 364F3A9A28EFC5FF005F6D7A /* SDSScrollableTextViewExampleUITests.xctest */;
			productType = "com.apple.product-type.bundle.ui-testing";
		};
		36F9C9C3279EB56400388354 /* SDSScrollableTextViewExample */ = {
			isa = PBXNativeTarget;
			buildConfigurationList = 36F9C9D3279EB56500388354 /* Build configuration list for PBXNativeTarget "SDSScrollableTextViewExample" */;
			buildPhases = (
				36F9C9C0279EB56400388354 /* Sources */,
				36F9C9C1279EB56400388354 /* Frameworks */,
				36F9C9C2279EB56400388354 /* Resources */,
			);
			buildRules = (
			);
			dependencies = (
			);
			name = SDSScrollableTextViewExample;
			packageProductDependencies = (
				36991B8A27A3CEAF00C6192A /* SDSScrollableTextView */,
				36991B8D27A3CEFE00C6192A /* SwiftUIDebugUtil */,
			);
			productName = SDSScrollableTextViewExample;
			productReference = 36F9C9C4279EB56400388354 /* SDSScrollableTextViewExample.app */;
			productType = "com.apple.product-type.application";
		};
/* End PBXNativeTarget section */

/* Begin PBXProject section */
		36F9C9BC279EB56400388354 /* Project object */ = {
			isa = PBXProject;
			attributes = {
				BuildIndependentTargetsInParallel = 1;
				LastSwiftUpdateCheck = 1410;
				LastUpgradeCheck = 1320;
				TargetAttributes = {
					364F3A9928EFC5FF005F6D7A = {
						CreatedOnToolsVersion = 14.1;
						TestTargetID = 36F9C9C3279EB56400388354;
					};
					36F9C9C3279EB56400388354 = {
						CreatedOnToolsVersion = 13.2.1;
					};
				};
			};
			buildConfigurationList = 36F9C9BF279EB56400388354 /* Build configuration list for PBXProject "SDSScrollableTextViewExample" */;
			compatibilityVersion = "Xcode 13.0";
			developmentRegion = en;
			hasScannedForEncodings = 0;
			knownRegions = (
				en,
				Base,
			);
			mainGroup = 36F9C9BB279EB56400388354;
			packageReferences = (
				36991B8C27A3CEFE00C6192A /* XCRemoteSwiftPackageReference "SwiftUIDebugUtil" */,
			);
			productRefGroup = 36F9C9C5279EB56400388354 /* Products */;
			projectDirPath = "";
			projectRoot = "";
			targets = (
				36F9C9C3279EB56400388354 /* SDSScrollableTextViewExample */,
				364F3A9928EFC5FF005F6D7A /* SDSScrollableTextViewExampleUITests */,
			);
		};
/* End PBXProject section */

/* Begin PBXResourcesBuildPhase section */
		364F3A9828EFC5FF005F6D7A /* Resources */ = {
			isa = PBXResourcesBuildPhase;
			buildActionMask = 2147483647;
			files = (
			);
			runOnlyForDeploymentPostprocessing = 0;
		};
		36F9C9C2279EB56400388354 /* Resources */ = {
			isa = PBXResourcesBuildPhase;
			buildActionMask = 2147483647;
			files = (
				36F9C9CF279EB56500388354 /* Preview Assets.xcassets in Resources */,
				36F9C9CC279EB56500388354 /* Assets.xcassets in Resources */,
			);
			runOnlyForDeploymentPostprocessing = 0;
		};
/* End PBXResourcesBuildPhase section */

/* Begin PBXSourcesBuildPhase section */
		364F3A9628EFC5FF005F6D7A /* Sources */ = {
			isa = PBXSourcesBuildPhase;
			buildActionMask = 2147483647;
			files = (
				364F3A9D28EFC5FF005F6D7A /* SDSScrollableTextViewExampleUITests.swift in Sources */,
				364D16C228F001B4006E6B0A /* SDSScrollableTextViewUITests_usingEditorControl.swift in Sources */,
			);
			runOnlyForDeploymentPostprocessing = 0;
		};
		36F9C9C0279EB56400388354 /* Sources */ = {
			isa = PBXSourcesBuildPhase;
			buildActionMask = 2147483647;
			files = (
				36F9C9CA279EB56400388354 /* ContentView.swift in Sources */,
				36F9C9C8279EB56400388354 /* SDSScrollableTextViewExampleApp.swift in Sources */,
			);
			runOnlyForDeploymentPostprocessing = 0;
		};
/* End PBXSourcesBuildPhase section */

/* Begin PBXTargetDependency section */
		364F3AA128EFC5FF005F6D7A /* PBXTargetDependency */ = {
			isa = PBXTargetDependency;
			target = 36F9C9C3279EB56400388354 /* SDSScrollableTextViewExample */;
			targetProxy = 364F3AA028EFC5FF005F6D7A /* PBXContainerItemProxy */;
		};
/* End PBXTargetDependency section */

/* Begin XCBuildConfiguration section */
		364F3AA228EFC5FF005F6D7A /* Debug */ = {
			isa = XCBuildConfiguration;
			buildSettings = {
				CLANG_CXX_LANGUAGE_STANDARD = "gnu++20";
				CODE_SIGN_STYLE = Automatic;
				CURRENT_PROJECT_VERSION = 1;
				DEVELOPMENT_TEAM = QU378YD9WW;
				GENERATE_INFOPLIST_FILE = YES;
				MACOSX_DEPLOYMENT_TARGET = 13.0;
				MARKETING_VERSION = 1.0;
				PRODUCT_BUNDLE_IDENTIFIER = com.smalldesksoftware.SDSScrollableTextViewExampleUITests;
				PRODUCT_NAME = "$(TARGET_NAME)";
				SWIFT_EMIT_LOC_STRINGS = NO;
				SWIFT_VERSION = 5.0;
				TEST_TARGET_NAME = SDSScrollableTextViewExample;
			};
			name = Debug;
		};
		364F3AA328EFC5FF005F6D7A /* Release */ = {
			isa = XCBuildConfiguration;
			buildSettings = {
				CLANG_CXX_LANGUAGE_STANDARD = "gnu++20";
				CODE_SIGN_STYLE = Automatic;
				CURRENT_PROJECT_VERSION = 1;
				DEVELOPMENT_TEAM = QU378YD9WW;
				GENERATE_INFOPLIST_FILE = YES;
				MACOSX_DEPLOYMENT_TARGET = 13.0;
				MARKETING_VERSION = 1.0;
				PRODUCT_BUNDLE_IDENTIFIER = com.smalldesksoftware.SDSScrollableTextViewExampleUITests;
				PRODUCT_NAME = "$(TARGET_NAME)";
				SWIFT_EMIT_LOC_STRINGS = NO;
				SWIFT_VERSION = 5.0;
				TEST_TARGET_NAME = SDSScrollableTextViewExample;
			};
			name = Release;
		};
		36F9C9D1279EB56500388354 /* Debug */ = {
			isa = XCBuildConfiguration;
			buildSettings = {
				ALWAYS_SEARCH_USER_PATHS = NO;
				CLANG_ANALYZER_NONNULL = YES;
				CLANG_ANALYZER_NUMBER_OBJECT_CONVERSION = YES_AGGRESSIVE;
				CLANG_CXX_LANGUAGE_STANDARD = "gnu++17";
				CLANG_CXX_LIBRARY = "libc++";
				CLANG_ENABLE_MODULES = YES;
				CLANG_ENABLE_OBJC_ARC = YES;
				CLANG_ENABLE_OBJC_WEAK = YES;
				CLANG_WARN_BLOCK_CAPTURE_AUTORELEASING = YES;
				CLANG_WARN_BOOL_CONVERSION = YES;
				CLANG_WARN_COMMA = YES;
				CLANG_WARN_CONSTANT_CONVERSION = YES;
				CLANG_WARN_DEPRECATED_OBJC_IMPLEMENTATIONS = YES;
				CLANG_WARN_DIRECT_OBJC_ISA_USAGE = YES_ERROR;
				CLANG_WARN_DOCUMENTATION_COMMENTS = YES;
				CLANG_WARN_EMPTY_BODY = YES;
				CLANG_WARN_ENUM_CONVERSION = YES;
				CLANG_WARN_INFINITE_RECURSION = YES;
				CLANG_WARN_INT_CONVERSION = YES;
				CLANG_WARN_NON_LITERAL_NULL_CONVERSION = YES;
				CLANG_WARN_OBJC_IMPLICIT_RETAIN_SELF = YES;
				CLANG_WARN_OBJC_LITERAL_CONVERSION = YES;
				CLANG_WARN_OBJC_ROOT_CLASS = YES_ERROR;
				CLANG_WARN_QUOTED_INCLUDE_IN_FRAMEWORK_HEADER = YES;
				CLANG_WARN_RANGE_LOOP_ANALYSIS = YES;
				CLANG_WARN_STRICT_PROTOTYPES = YES;
				CLANG_WARN_SUSPICIOUS_MOVE = YES;
				CLANG_WARN_UNGUARDED_AVAILABILITY = YES_AGGRESSIVE;
				CLANG_WARN_UNREACHABLE_CODE = YES;
				CLANG_WARN__DUPLICATE_METHOD_MATCH = YES;
				COPY_PHASE_STRIP = NO;
				DEBUG_INFORMATION_FORMAT = dwarf;
				ENABLE_STRICT_OBJC_MSGSEND = YES;
				ENABLE_TESTABILITY = YES;
				GCC_C_LANGUAGE_STANDARD = gnu11;
				GCC_DYNAMIC_NO_PIC = NO;
				GCC_NO_COMMON_BLOCKS = YES;
				GCC_OPTIMIZATION_LEVEL = 0;
				GCC_PREPROCESSOR_DEFINITIONS = (
					"DEBUG=1",
					"$(inherited)",
				);
				GCC_WARN_64_TO_32_BIT_CONVERSION = YES;
				GCC_WARN_ABOUT_RETURN_TYPE = YES_ERROR;
				GCC_WARN_UNDECLARED_SELECTOR = YES;
				GCC_WARN_UNINITIALIZED_AUTOS = YES_AGGRESSIVE;
				GCC_WARN_UNUSED_FUNCTION = YES;
				GCC_WARN_UNUSED_VARIABLE = YES;
				MACOSX_DEPLOYMENT_TARGET = 12.1;
				MTL_ENABLE_DEBUG_INFO = INCLUDE_SOURCE;
				MTL_FAST_MATH = YES;
				ONLY_ACTIVE_ARCH = YES;
				SDKROOT = macosx;
				SWIFT_ACTIVE_COMPILATION_CONDITIONS = DEBUG;
				SWIFT_OPTIMIZATION_LEVEL = "-Onone";
			};
			name = Debug;
		};
		36F9C9D2279EB56500388354 /* Release */ = {
			isa = XCBuildConfiguration;
			buildSettings = {
				ALWAYS_SEARCH_USER_PATHS = NO;
				CLANG_ANALYZER_NONNULL = YES;
				CLANG_ANALYZER_NUMBER_OBJECT_CONVERSION = YES_AGGRESSIVE;
				CLANG_CXX_LANGUAGE_STANDARD = "gnu++17";
				CLANG_CXX_LIBRARY = "libc++";
				CLANG_ENABLE_MODULES = YES;
				CLANG_ENABLE_OBJC_ARC = YES;
				CLANG_ENABLE_OBJC_WEAK = YES;
				CLANG_WARN_BLOCK_CAPTURE_AUTORELEASING = YES;
				CLANG_WARN_BOOL_CONVERSION = YES;
				CLANG_WARN_COMMA = YES;
				CLANG_WARN_CONSTANT_CONVERSION = YES;
				CLANG_WARN_DEPRECATED_OBJC_IMPLEMENTATIONS = YES;
				CLANG_WARN_DIRECT_OBJC_ISA_USAGE = YES_ERROR;
				CLANG_WARN_DOCUMENTATION_COMMENTS = YES;
				CLANG_WARN_EMPTY_BODY = YES;
				CLANG_WARN_ENUM_CONVERSION = YES;
				CLANG_WARN_INFINITE_RECURSION = YES;
				CLANG_WARN_INT_CONVERSION = YES;
				CLANG_WARN_NON_LITERAL_NULL_CONVERSION = YES;
				CLANG_WARN_OBJC_IMPLICIT_RETAIN_SELF = YES;
				CLANG_WARN_OBJC_LITERAL_CONVERSION = YES;
				CLANG_WARN_OBJC_ROOT_CLASS = YES_ERROR;
				CLANG_WARN_QUOTED_INCLUDE_IN_FRAMEWORK_HEADER = YES;
				CLANG_WARN_RANGE_LOOP_ANALYSIS = YES;
				CLANG_WARN_STRICT_PROTOTYPES = YES;
				CLANG_WARN_SUSPICIOUS_MOVE = YES;
				CLANG_WARN_UNGUARDED_AVAILABILITY = YES_AGGRESSIVE;
				CLANG_WARN_UNREACHABLE_CODE = YES;
				CLANG_WARN__DUPLICATE_METHOD_MATCH = YES;
				COPY_PHASE_STRIP = NO;
				DEBUG_INFORMATION_FORMAT = "dwarf-with-dsym";
				ENABLE_NS_ASSERTIONS = NO;
				ENABLE_STRICT_OBJC_MSGSEND = YES;
				GCC_C_LANGUAGE_STANDARD = gnu11;
				GCC_NO_COMMON_BLOCKS = YES;
				GCC_WARN_64_TO_32_BIT_CONVERSION = YES;
				GCC_WARN_ABOUT_RETURN_TYPE = YES_ERROR;
				GCC_WARN_UNDECLARED_SELECTOR = YES;
				GCC_WARN_UNINITIALIZED_AUTOS = YES_AGGRESSIVE;
				GCC_WARN_UNUSED_FUNCTION = YES;
				GCC_WARN_UNUSED_VARIABLE = YES;
				MACOSX_DEPLOYMENT_TARGET = 12.1;
				MTL_ENABLE_DEBUG_INFO = NO;
				MTL_FAST_MATH = YES;
				SDKROOT = macosx;
				SWIFT_COMPILATION_MODE = wholemodule;
				SWIFT_OPTIMIZATION_LEVEL = "-O";
			};
			name = Release;
		};
		36F9C9D4279EB56500388354 /* Debug */ = {
			isa = XCBuildConfiguration;
			buildSettings = {
				ASSETCATALOG_COMPILER_APPICON_NAME = AppIcon;
				ASSETCATALOG_COMPILER_GLOBAL_ACCENT_COLOR_NAME = AccentColor;
				CODE_SIGN_ENTITLEMENTS = SDSScrollableTextViewExample/SDSScrollableTextViewExample.entitlements;
				CODE_SIGN_STYLE = Automatic;
				COMBINE_HIDPI_IMAGES = YES;
				CURRENT_PROJECT_VERSION = 1;
				DEVELOPMENT_ASSET_PATHS = "\"SDSScrollableTextViewExample/Preview Content\"";
				DEVELOPMENT_TEAM = QU378YD9WW;
				ENABLE_HARDENED_RUNTIME = YES;
				ENABLE_PREVIEWS = YES;
				GENERATE_INFOPLIST_FILE = YES;
				INFOPLIST_KEY_NSHumanReadableCopyright = "";
				IPHONEOS_DEPLOYMENT_TARGET = 16.1;
				LD_RUNPATH_SEARCH_PATHS = (
					"$(inherited)",
					"@executable_path/../Frameworks",
				);
				MARKETING_VERSION = 1.0;
				PRODUCT_BUNDLE_IDENTIFIER = com.smalldesksoftware.SDSScrollableTextViewExample;
				PRODUCT_NAME = "$(TARGET_NAME)";
				SUPPORTED_PLATFORMS = "iphoneos iphonesimulator macosx";
				SUPPORTS_MACCATALYST = NO;
				SUPPORTS_MAC_DESIGNED_FOR_IPHONE_IPAD = NO;
				SWIFT_EMIT_LOC_STRINGS = YES;
				SWIFT_VERSION = 5.0;
				TARGETED_DEVICE_FAMILY = 1;
			};
			name = Debug;
		};
		36F9C9D5279EB56500388354 /* Release */ = {
			isa = XCBuildConfiguration;
			buildSettings = {
				ASSETCATALOG_COMPILER_APPICON_NAME = AppIcon;
				ASSETCATALOG_COMPILER_GLOBAL_ACCENT_COLOR_NAME = AccentColor;
				CODE_SIGN_ENTITLEMENTS = SDSScrollableTextViewExample/SDSScrollableTextViewExample.entitlements;
				CODE_SIGN_STYLE = Automatic;
				COMBINE_HIDPI_IMAGES = YES;
				CURRENT_PROJECT_VERSION = 1;
				DEVELOPMENT_ASSET_PATHS = "\"SDSScrollableTextViewExample/Preview Content\"";
				DEVELOPMENT_TEAM = QU378YD9WW;
				ENABLE_HARDENED_RUNTIME = YES;
				ENABLE_PREVIEWS = YES;
				GENERATE_INFOPLIST_FILE = YES;
				INFOPLIST_KEY_NSHumanReadableCopyright = "";
				IPHONEOS_DEPLOYMENT_TARGET = 16.1;
				LD_RUNPATH_SEARCH_PATHS = (
					"$(inherited)",
					"@executable_path/../Frameworks",
				);
				MARKETING_VERSION = 1.0;
				PRODUCT_BUNDLE_IDENTIFIER = com.smalldesksoftware.SDSScrollableTextViewExample;
				PRODUCT_NAME = "$(TARGET_NAME)";
				SUPPORTED_PLATFORMS = "iphoneos iphonesimulator macosx";
				SUPPORTS_MACCATALYST = NO;
				SUPPORTS_MAC_DESIGNED_FOR_IPHONE_IPAD = NO;
				SWIFT_EMIT_LOC_STRINGS = YES;
				SWIFT_VERSION = 5.0;
				TARGETED_DEVICE_FAMILY = 1;
			};
			name = Release;
		};
/* End XCBuildConfiguration section */

/* Begin XCConfigurationList section */
		364F3AA428EFC5FF005F6D7A /* Build configuration list for PBXNativeTarget "SDSScrollableTextViewExampleUITests" */ = {
			isa = XCConfigurationList;
			buildConfigurations = (
				364F3AA228EFC5FF005F6D7A /* Debug */,
				364F3AA328EFC5FF005F6D7A /* Release */,
			);
			defaultConfigurationIsVisible = 0;
			defaultConfigurationName = Release;
		};
		36F9C9BF279EB56400388354 /* Build configuration list for PBXProject "SDSScrollableTextViewExample" */ = {
			isa = XCConfigurationList;
			buildConfigurations = (
				36F9C9D1279EB56500388354 /* Debug */,
				36F9C9D2279EB56500388354 /* Release */,
			);
			defaultConfigurationIsVisible = 0;
			defaultConfigurationName = Release;
		};
		36F9C9D3279EB56500388354 /* Build configuration list for PBXNativeTarget "SDSScrollableTextViewExample" */ = {
			isa = XCConfigurationList;
			buildConfigurations = (
				36F9C9D4279EB56500388354 /* Debug */,
				36F9C9D5279EB56500388354 /* Release */,
			);
			defaultConfigurationIsVisible = 0;
			defaultConfigurationName = Release;
		};
/* End XCConfigurationList section */

/* Begin XCRemoteSwiftPackageReference section */
		36991B8C27A3CEFE00C6192A /* XCRemoteSwiftPackageReference "SwiftUIDebugUtil" */ = {
			isa = XCRemoteSwiftPackageReference;
			repositoryURL = "https://github.com/tyagishi/SwiftUIDebugUtil";
			requirement = {
				kind = upToNextMajorVersion;
				minimumVersion = 2.0.0;
			};
		};
/* End XCRemoteSwiftPackageReference section */

/* Begin XCSwiftPackageProductDependency section */
		36991B8A27A3CEAF00C6192A /* SDSScrollableTextView */ = {
			isa = XCSwiftPackageProductDependency;
			productName = SDSScrollableTextView;
		};
		36991B8D27A3CEFE00C6192A /* SwiftUIDebugUtil */ = {
			isa = XCSwiftPackageProductDependency;
			package = 36991B8C27A3CEFE00C6192A /* XCRemoteSwiftPackageReference "SwiftUIDebugUtil" */;
			productName = SwiftUIDebugUtil;
		};
/* End XCSwiftPackageProductDependency section */
	};
	rootObject = 36F9C9BC279EB56400388354 /* Project object */;
}
